// !$*UTF8*$!
{
	archiveVersion = 1;
	classes = {
	};
	objectVersion = 48;
	objects = {

/* Begin PBXBuildFile section */
		BF013A1B204E7506009058DE /* AppDelegate.swift in Sources */ = {isa = PBXBuildFile; fileRef = BF013A1A204E7506009058DE /* AppDelegate.swift */; };
		BF013A1D204E7506009058DE /* ViewController.swift in Sources */ = {isa = PBXBuildFile; fileRef = BF013A1C204E7506009058DE /* ViewController.swift */; };
		BF013A20204E7506009058DE /* Main.storyboard in Resources */ = {isa = PBXBuildFile; fileRef = BF013A1E204E7506009058DE /* Main.storyboard */; };
		BF013A22204E7506009058DE /* Assets.xcassets in Resources */ = {isa = PBXBuildFile; fileRef = BF013A21204E7506009058DE /* Assets.xcassets */; };
		BF013A25204E7506009058DE /* LaunchScreen.storyboard in Resources */ = {isa = PBXBuildFile; fileRef = BF013A23204E7506009058DE /* LaunchScreen.storyboard */; };
		BF013A2D204E791E009058DE /* BlueViewController.swift in Sources */ = {isa = PBXBuildFile; fileRef = BF013A2C204E791E009058DE /* BlueViewController.swift */; };
		BF036C40204ED5B2004BA70A /* RedViewController.swift in Sources */ = {isa = PBXBuildFile; fileRef = BF036C3F204ED5B2004BA70A /* RedViewController.swift */; };
/* End PBXBuildFile section */

/* Begin PBXFileReference section */
		BF013A17204E7506009058DE /* 4.Lifecycle_Naviagation_Controller.app */ = {isa = PBXFileReference; explicitFileType = wrapper.application; includeInIndex = 0; path = 4.Lifecycle_Naviagation_Controller.app; sourceTree = BUILT_PRODUCTS_DIR; };
		BF013A1A204E7506009058DE /* AppDelegate.swift */ = {isa = PBXFileReference; lastKnownFileType = sourcecode.swift; path = AppDelegate.swift; sourceTree = "<group>"; };
		BF013A1C204E7506009058DE /* ViewController.swift */ = {isa = PBXFileReference; lastKnownFileType = sourcecode.swift; path = ViewController.swift; sourceTree = "<group>"; };
		BF013A1F204E7506009058DE /* Base */ = {isa = PBXFileReference; lastKnownFileType = file.storyboard; name = Base; path = Base.lproj/Main.storyboard; sourceTree = "<group>"; };
		BF013A21204E7506009058DE /* Assets.xcassets */ = {isa = PBXFileReference; lastKnownFileType = folder.assetcatalog; path = Assets.xcassets; sourceTree = "<group>"; };
		BF013A24204E7506009058DE /* Base */ = {isa = PBXFileReference; lastKnownFileType = file.storyboard; name = Base; path = Base.lproj/LaunchScreen.storyboard; sourceTree = "<group>"; };
		BF013A26204E7506009058DE /* Info.plist */ = {isa = PBXFileReference; lastKnownFileType = text.plist.xml; path = Info.plist; sourceTree = "<group>"; };
		BF013A2C204E791E009058DE /* BlueViewController.swift */ = {isa = PBXFileReference; lastKnownFileType = sourcecode.swift; path = BlueViewController.swift; sourceTree = "<group>"; };
		BF036C3F204ED5B2004BA70A /* RedViewController.swift */ = {isa = PBXFileReference; lastKnownFileType = sourcecode.swift; path = RedViewController.swift; sourceTree = "<group>"; };
/* End PBXFileReference section */

/* Begin PBXFrameworksBuildPhase section */
		BF013A14204E7506009058DE /* Frameworks */ = {
			isa = PBXFrameworksBuildPhase;
			buildActionMask = 2147483647;
			files = (
			);
			runOnlyForDeploymentPostprocessing = 0;
		};
/* End PBXFrameworksBuildPhase section */

/* Begin PBXGroup section */
		BF013A0E204E7506009058DE = {
			isa = PBXGroup;
			children = (
				BF013A19204E7506009058DE /* 4.Lifecycle_Naviagation_Controller */,
				BF013A18204E7506009058DE /* Products */,
			);
			sourceTree = "<group>";
		};
		BF013A18204E7506009058DE /* Products */ = {
			isa = PBXGroup;
			children = (
				BF013A17204E7506009058DE /* 4.Lifecycle_Naviagation_Controller.app */,
			);
			name = Products;
			sourceTree = "<group>";
		};
		BF013A19204E7506009058DE /* 4.Lifecycle_Naviagation_Controller */ = {
			isa = PBXGroup;
			children = (
				BF013A26204E7506009058DE /* Info.plist */,
				BF013A1A204E7506009058DE /* AppDelegate.swift */,
				BF013A2C204E791E009058DE /* BlueViewController.swift */,
				BF036C3F204ED5B2004BA70A /* RedViewController.swift */,
				BF013A1C204E7506009058DE /* ViewController.swift */,
				BF013A21204E7506009058DE /* Assets.xcassets */,
				BF013A23204E7506009058DE /* LaunchScreen.storyboard */,
				BF013A1E204E7506009058DE /* Main.storyboard */,
			);
			path = 4.Lifecycle_Naviagation_Controller;
			sourceTree = "<group>";
		};
/* End PBXGroup section */

/* Begin PBXNativeTarget section */
		BF013A16204E7506009058DE /* 4.Lifecycle_Naviagation_Controller */ = {
			isa = PBXNativeTarget;
			buildConfigurationList = BF013A29204E7506009058DE /* Build configuration list for PBXNativeTarget "4.Lifecycle_Naviagation_Controller" */;
			buildPhases = (
				BF013A13204E7506009058DE /* Sources */,
				BF013A14204E7506009058DE /* Frameworks */,
				BF013A15204E7506009058DE /* Resources */,
			);
			buildRules = (
			);
			dependencies = (
			);
			name = 4.Lifecycle_Naviagation_Controller;
			productName = 3.Lifecycle_Naviagation_Controller;
			productReference = BF013A17204E7506009058DE /* 4.Lifecycle_Naviagation_Controller.app */;
			productType = "com.apple.product-type.application";
		};
/* End PBXNativeTarget section */

/* Begin PBXProject section */
		BF013A0F204E7506009058DE /* Project object */ = {
			isa = PBXProject;
			attributes = {
				LastSwiftUpdateCheck = 0920;
				LastUpgradeCheck = 0920;
				ORGANIZATIONNAME = DaoLQ;
				TargetAttributes = {
					BF013A16204E7506009058DE = {
						CreatedOnToolsVersion = 9.2;
						ProvisioningStyle = Automatic;
					};
				};
			};
			buildConfigurationList = BF013A12204E7506009058DE /* Build configuration list for PBXProject "4.Lifecycle_Naviagation_Controller" */;
			compatibilityVersion = "Xcode 8.0";
			developmentRegion = en;
			hasScannedForEncodings = 0;
			knownRegions = (
				en,
				Base,
			);
			mainGroup = BF013A0E204E7506009058DE;
			productRefGroup = BF013A18204E7506009058DE /* Products */;
			projectDirPath = "";
			projectRoot = "";
			targets = (
				BF013A16204E7506009058DE /* 4.Lifecycle_Naviagation_Controller */,
			);
		};
/* End PBXProject section */

/* Begin PBXResourcesBuildPhase section */
		BF013A15204E7506009058DE /* Resources */ = {
			isa = PBXResourcesBuildPhase;
			buildActionMask = 2147483647;
			files = (
				BF013A25204E7506009058DE /* LaunchScreen.storyboard in Resources */,
				BF013A22204E7506009058DE /* Assets.xcassets in Resources */,
				BF013A20204E7506009058DE /* Main.storyboard in Resources */,
			);
			runOnlyForDeploymentPostprocessing = 0;
		};
/* End PBXResourcesBuildPhase section */

/* Begin PBXSourcesBuildPhase section */
		BF013A13204E7506009058DE /* Sources */ = {
			isa = PBXSourcesBuildPhase;
			buildActionMask = 2147483647;
			files = (
				BF036C40204ED5B2004BA70A /* RedViewController.swift in Sources */,
				BF013A1D204E7506009058DE /* ViewController.swift in Sources */,
				BF013A2D204E791E009058DE /* BlueViewController.swift in Sources */,
				BF013A1B204E7506009058DE /* AppDelegate.swift in Sources */,
			);
			runOnlyForDeploymentPostprocessing = 0;
		};
/* End PBXSourcesBuildPhase section */

/* Begin PBXVariantGroup section */
		BF013A1E204E7506009058DE /* Main.storyboard */ = {
			isa = PBXVariantGroup;
			children = (
				BF013A1F204E7506009058DE /* Base */,
			);
			name = Main.storyboard;
			sourceTree = "<group>";
		};
		BF013A23204E7506009058DE /* LaunchScreen.storyboard */ = {
			isa = PBXVariantGroup;
			children = (
				BF013A24204E7506009058DE /* Base */,
			);
			name = LaunchScreen.storyboard;
			sourceTree = "<group>";
		};
/* End PBXVariantGroup section */

/* Begin XCBuildConfiguration section */
		BF013A27204E7506009058DE /* Debug */ = {
			isa = XCBuildConfiguration;
			buildSettings = {
				ALWAYS_SEARCH_USER_PATHS = NO;
				CLANG_ANALYZER_NONNULL = YES;
				CLANG_ANALYZER_NUMBER_OBJECT_CONVERSION = YES_AGGRESSIVE;
				CLANG_CXX_LANGUAGE_STANDARD = "gnu++14";
				CLANG_CXX_LIBRARY = "libc++";
				CLANG_ENABLE_MODULES = YES;
				CLANG_ENABLE_OBJC_ARC = YES;
				CLANG_WARN_BLOCK_CAPTURE_AUTORELEASING = YES;
				CLANG_WARN_BOOL_CONVERSION = YES;
				CLANG_WARN_COMMA = YES;
				CLANG_WARN_CONSTANT_CONVERSION = YES;
				CLANG_WARN_DIRECT_OBJC_ISA_USAGE = YES_ERROR;
				CLANG_WARN_DOCUMENTATION_COMMENTS = YES;
				CLANG_WARN_EMPTY_BODY = YES;
				CLANG_WARN_ENUM_CONVERSION = YES;
				CLANG_WARN_INFINITE_RECURSION = YES;
				CLANG_WARN_INT_CONVERSION = YES;
				CLANG_WARN_NON_LITERAL_NULL_CONVERSION = YES;
				CLANG_WARN_OBJC_LITERAL_CONVERSION = YES;
				CLANG_WARN_OBJC_ROOT_CLASS = YES_ERROR;
				CLANG_WARN_RANGE_LOOP_ANALYSIS = YES;
				CLANG_WARN_STRICT_PROTOTYPES = YES;
				CLANG_WARN_SUSPICIOUS_MOVE = YES;
				CLANG_WARN_UNGUARDED_AVAILABILITY = YES_AGGRESSIVE;
				CLANG_WARN_UNREACHABLE_CODE = YES;
				CLANG_WARN__DUPLICATE_METHOD_MATCH = YES;
				CODE_SIGN_IDENTITY = "iPhone Developer";
				COPY_PHASE_STRIP = NO;
				DEBUG_INFORMATION_FORMAT = dwarf;
				ENABLE_STRICT_OBJC_MSGSEND = YES;
				ENABLE_TESTABILITY = YES;
				GCC_C_LANGUAGE_STANDARD = gnu11;
				GCC_DYNAMIC_NO_PIC = NO;
				GCC_NO_COMMON_BLOCKS = YES;
				GCC_OPTIMIZATION_LEVEL = 0;
				GCC_PREPROCESSOR_DEFINITIONS = (
					"DEBUG=1",
					"$(inherited)",
				);
				GCC_WARN_64_TO_32_BIT_CONVERSION = YES;
				GCC_WARN_ABOUT_RETURN_TYPE = YES_ERROR;
				GCC_WARN_UNDECLARED_SELECTOR = YES;
				GCC_WARN_UNINITIALIZED_AUTOS = YES_AGGRESSIVE;
				GCC_WARN_UNUSED_FUNCTION = YES;
				GCC_WARN_UNUSED_VARIABLE = YES;
				IPHONEOS_DEPLOYMENT_TARGET = 11.2;
				MTL_ENABLE_DEBUG_INFO = YES;
				ONLY_ACTIVE_ARCH = YES;
				SDKROOT = iphoneos;
				SWIFT_ACTIVE_COMPILATION_CONDITIONS = DEBUG;
				SWIFT_OPTIMIZATION_LEVEL = "-Onone";
			};
			name = Debug;
		};
		BF013A28204E7506009058DE /* Release */ = {
			isa = XCBuildConfiguration;
			buildSettings = {
				ALWAYS_SEARCH_USER_PATHS = NO;
				CLANG_ANALYZER_NONNULL = YES;
				CLANG_ANALYZER_NUMBER_OBJECT_CONVERSION = YES_AGGRESSIVE;
				CLANG_CXX_LANGUAGE_STANDARD = "gnu++14";
				CLANG_CXX_LIBRARY = "libc++";
				CLANG_ENABLE_MODULES = YES;
				CLANG_ENABLE_OBJC_ARC = YES;
				CLANG_WARN_BLOCK_CAPTURE_AUTORELEASING = YES;
				CLANG_WARN_BOOL_CONVERSION = YES;
				CLANG_WARN_COMMA = YES;
				CLANG_WARN_CONSTANT_CONVERSION = YES;
				CLANG_WARN_DIRECT_OBJC_ISA_USAGE = YES_ERROR;
				CLANG_WARN_DOCUMENTATION_COMMENTS = YES;
				CLANG_WARN_EMPTY_BODY = YES;
				CLANG_WARN_ENUM_CONVERSION = YES;
				CLANG_WARN_INFINITE_RECURSION = YES;
				CLANG_WARN_INT_CONVERSION = YES;
				CLANG_WARN_NON_LITERAL_NULL_CONVERSION = YES;
				CLANG_WARN_OBJC_LITERAL_CONVERSION = YES;
				CLANG_WARN_OBJC_ROOT_CLASS = YES_ERROR;
				CLANG_WARN_RANGE_LOOP_ANALYSIS = YES;
				CLANG_WARN_STRICT_PROTOTYPES = YES;
				CLANG_WARN_SUSPICIOUS_MOVE = YES;
				CLANG_WARN_UNGUARDED_AVAILABILITY = YES_AGGRESSIVE;
				CLANG_WARN_UNREACHABLE_CODE = YES;
				CLANG_WARN__DUPLICATE_METHOD_MATCH = YES;
				CODE_SIGN_IDENTITY = "iPhone Developer";
				COPY_PHASE_STRIP = NO;
				DEBUG_INFORMATION_FORMAT = "dwarf-with-dsym";
				ENABLE_NS_ASSERTIONS = NO;
				ENABLE_STRICT_OBJC_MSGSEND = YES;
				GCC_C_LANGUAGE_STANDARD = gnu11;
				GCC_NO_COMMON_BLOCKS = YES;
				GCC_WARN_64_TO_32_BIT_CONVERSION = YES;
				GCC_WARN_ABOUT_RETURN_TYPE = YES_ERROR;
				GCC_WARN_UNDECLARED_SELECTOR = YES;
				GCC_WARN_UNINITIALIZED_AUTOS = YES_AGGRESSIVE;
				GCC_WARN_UNUSED_FUNCTION = YES;
				GCC_WARN_UNUSED_VARIABLE = YES;
				IPHONEOS_DEPLOYMENT_TARGET = 11.2;
				MTL_ENABLE_DEBUG_INFO = NO;
				SDKROOT = iphoneos;
				SWIFT_OPTIMIZATION_LEVEL = "-Owholemodule";
				VALIDATE_PRODUCT = YES;
			};
			name = Release;
		};
		BF013A2A204E7506009058DE /* Debug */ = {
			isa = XCBuildConfiguration;
			buildSettings = {
				ASSETCATALOG_COMPILER_APPICON_NAME = AppIcon;
				CODE_SIGN_STYLE = Automatic;
				INFOPLIST_FILE = 3.Lifecycle_Naviagation_Controller/Info.plist;
				LD_RUNPATH_SEARCH_PATHS = "$(inherited) @executable_path/Frameworks";
				PRODUCT_BUNDLE_IDENTIFIER = "com.fstyle.--Lifecycle-Naviagation-Controller";
				PRODUCT_NAME = "$(TARGET_NAME)";
				SWIFT_VERSION = 4.0;
				TARGETED_DEVICE_FAMILY = "1,2";
			};
			name = Debug;
		};
		BF013A2B204E7506009058DE /* Release */ = {
			isa = XCBuildConfiguration;
			buildSettings = {
				ASSETCATALOG_COMPILER_APPICON_NAME = AppIcon;
				CODE_SIGN_STYLE = Automatic;
				INFOPLIST_FILE = 3.Lifecycle_Naviagation_Controller/Info.plist;
				LD_RUNPATH_SEARCH_PATHS = "$(inherited) @executable_path/Frameworks";
				PRODUCT_BUNDLE_IDENTIFIER = "com.fstyle.--Lifecycle-Naviagation-Controller";
				PRODUCT_NAME = "$(TARGET_NAME)";
				SWIFT_VERSION = 4.0;
				TARGETED_DEVICE_FAMILY = "1,2";
			};
			name = Release;
		};
/* End XCBuildConfiguration section */

/* Begin XCConfigurationList section */
		BF013A12204E7506009058DE /* Build configuration list for PBXProject "4.Lifecycle_Naviagation_Controller" */ = {
			isa = XCConfigurationList;
			buildConfigurations = (
				BF013A27204E7506009058DE /* Debug */,
				BF013A28204E7506009058DE /* Release */,
			);
			defaultConfigurationIsVisible = 0;
			defaultConfigurationName = Release;
		};
		BF013A29204E7506009058DE /* Build configuration list for PBXNativeTarget "4.Lifecycle_Naviagation_Controller" */ = {
			isa = XCConfigurationList;
			buildConfigurations = (
				BF013A2A204E7506009058DE /* Debug */,
				BF013A2B204E7506009058DE /* Release */,
			);
			defaultConfigurationIsVisible = 0;
			defaultConfigurationName = Release;
		};
/* End XCConfigurationList section */
	};
	rootObject = BF013A0F204E7506009058DE /* Project object */;
}
